
Microsoft Visual Studio Solution File, Format Version 12.00
# Visual Studio 2015
Project("{FAE04EC0-301F-11D3-BF4B-00C04F79EFBC}") = "UnityAsh.CSharp", "UnityAsh.CSharp.csproj", "{A8C7E0CB-2CA0-D4E6-1C9B-9889F2D819B3}"
EndProject
Project("{FAE04EC0-301F-11D3-BF4B-00C04F79EFBC}") = "UnityAsh.CSharp.Editor", "UnityAsh.CSharp.Editor.csproj", "{518C6D8F-ED8E-914F-34E3-9D48D43FEC8F}"
EndProject
Global
	GlobalSection(SolutionConfigurationPlatforms) = preSolution
		Debug|Any CPU = Debug|Any CPU
		Release|Any CPU = Release|Any CPU
	EndGlobalSection
	GlobalSection(ProjectConfigurationPlatforms) = postSolution
		{A8C7E0CB-2CA0-D4E6-1C9B-9889F2D819B3}.Debug|Any CPU.ActiveCfg = Debug|Any CPU
		{A8C7E0CB-2CA0-D4E6-1C9B-9889F2D819B3}.Debug|Any CPU.Build.0 = Debug|Any CPU
		{A8C7E0CB-2CA0-D4E6-1C9B-9889F2D819B3}.Release|Any CPU.ActiveCfg = Release|Any CPU
		{A8C7E0CB-2CA0-D4E6-1C9B-9889F2D819B3}.Release|Any CPU.Build.0 = Release|Any CPU
		{518C6D8F-ED8E-914F-34E3-9D48D43FEC8F}.Debug|Any CPU.ActiveCfg = Debug|Any CPU
		{518C6D8F-ED8E-914F-34E3-9D48D43FEC8F}.Debug|Any CPU.Build.0 = Debug|Any CPU
		{518C6D8F-ED8E-914F-34E3-9D48D43FEC8F}.Release|Any CPU.ActiveCfg = Release|Any CPU
		{518C6D8F-ED8E-914F-34E3-9D48D43FEC8F}.Release|Any CPU.Build.0 = Release|Any CPU
	EndGlobalSection
	GlobalSection(SolutionProperties) = preSolution
		HideSolutionNode = FALSE
	EndGlobalSection
EndGlobal
